
Microsoft Visual Studio Solution File, Format Version 12.00
# Visual Studio Version 16
VisualStudioVersion = 16.0.30717.126
MinimumVisualStudioVersion = 10.0.40219.1
Project("{FAE04EC0-301F-11D3-BF4B-00C04F79EFBC}") = "FaceRec", "FaceRec\FaceRec.csproj", "{97A07BDD-4319-4552-B014-43A9D6F4F916}"
EndProject
Global
	GlobalSection(SolutionConfigurationPlatforms) = preSolution
		Debug|Any CPU = Debug|Any CPU
		Release|Any CPU = Release|Any CPU
	EndGlobalSection
	GlobalSection(ProjectConfigurationPlatforms) = postSolution
		{97A07BDD-4319-4552-B014-43A9D6F4F916}.Debug|Any CPU.ActiveCfg = Debug|Any CPU
		{97A07BDD-4319-4552-B014-43A9D6F4F916}.Debug|Any CPU.Build.0 = Debug|Any CPU
		{97A07BDD-4319-4552-B014-43A9D6F4F916}.Release|Any CPU.ActiveCfg = Release|Any CPU
		{97A07BDD-4319-4552-B014-43A9D6F4F916}.Release|Any CPU.Build.0 = Release|Any CPU
	EndGlobalSection
	GlobalSection(SolutionProperties) = preSolution
		HideSolutionNode = FALSE
	EndGlobalSection
	GlobalSection(ExtensibilityGlobals) = postSolution
		SolutionGuid = {9F310813-06BA-4607-8034-C6EEC6A2AFD4}
	EndGlobalSection
EndGlobal
